
Microsoft Visual Studio Solution File, Format Version 12.00
# Visual Studio Version 16
VisualStudioVersion = 16.0.29519.87
MinimumVisualStudioVersion = 10.0.40219.1
Project("{8BC9CEB8-8B4A-11D0-8D11-00A0C91BC942}") = "Build_all", "Build_all\Build_all.vcxproj", "{E171FA05-2F3C-40EB-8A0E-47D8614BB808}"
EndProject
Project("{8BC9CEB8-8B4A-11D0-8D11-00A0C91BC942}") = "Benchmarking_framework", "Benchmarking_framework\Benchmarking_framework.vcxproj", "{C5D5A491-2CF7-4706-8749-F768C8261256}"
EndProject
Global
	GlobalSection(SolutionConfigurationPlatforms) = preSolution
		Debug|x64 = Debug|x64
		Debug|x86 = Debug|x86
		Release|x64 = Release|x64
		Release|x86 = Release|x86
	EndGlobalSection
	GlobalSection(ProjectConfigurationPlatforms) = postSolution
		{E171FA05-2F3C-40EB-8A0E-47D8614BB808}.Debug|x64.ActiveCfg = Debug|x64
		{E171FA05-2F3C-40EB-8A0E-47D8614BB808}.Debug|x64.Build.0 = Debug|x64
		{E171FA05-2F3C-40EB-8A0E-47D8614BB808}.Debug|x86.ActiveCfg = Debug|Win32
		{E171FA05-2F3C-40EB-8A0E-47D8614BB808}.Debug|x86.Build.0 = Debug|Win32
		{E171FA05-2F3C-40EB-8A0E-47D8614BB808}.Release|x64.ActiveCfg = Release|x64
		{E171FA05-2F3C-40EB-8A0E-47D8614BB808}.Release|x64.Build.0 = Release|x64
		{E171FA05-2F3C-40EB-8A0E-47D8614BB808}.Release|x86.ActiveCfg = Release|Win32
		{E171FA05-2F3C-40EB-8A0E-47D8614BB808}.Release|x86.Build.0 = Release|Win32
		{C5D5A491-2CF7-4706-8749-F768C8261256}.Debug|x64.ActiveCfg = Debug|x64
		{C5D5A491-2CF7-4706-8749-F768C8261256}.Debug|x64.Build.0 = Debug|x64
		{C5D5A491-2CF7-4706-8749-F768C8261256}.Debug|x86.ActiveCfg = Debug|Win32
		{C5D5A491-2CF7-4706-8749-F768C8261256}.Debug|x86.Build.0 = Debug|Win32
		{C5D5A491-2CF7-4706-8749-F768C8261256}.Release|x64.ActiveCfg = Release|x64
		{C5D5A491-2CF7-4706-8749-F768C8261256}.Release|x64.Build.0 = Release|x64
		{C5D5A491-2CF7-4706-8749-F768C8261256}.Release|x86.ActiveCfg = Release|Win32
		{C5D5A491-2CF7-4706-8749-F768C8261256}.Release|x86.Build.0 = Release|Win32
	EndGlobalSection
	GlobalSection(SolutionProperties) = preSolution
		HideSolutionNode = FALSE
	EndGlobalSection
	GlobalSection(ExtensibilityGlobals) = postSolution
		SolutionGuid = {FBCAA2FA-0B08-4914-8106-D2A4635204D8}
	EndGlobalSection
EndGlobal
